// !$*UTF8*$!
{
	archiveVersion = 1;
	classes = {
	};
	objectVersion = 55;
	objects = {

/* Begin PBXBuildFile section */
		0B5F166628EF5F94003BD2B4 /* Inter-Regular.ttf in Resources */ = {isa = PBXBuildFile; fileRef = 0B5F166328EF5F94003BD2B4 /* Inter-Regular.ttf */; };
		0B5F166728EF5F94003BD2B4 /* Poppins-Bold.ttf in Resources */ = {isa = PBXBuildFile; fileRef = 0B5F166428EF5F94003BD2B4 /* Poppins-Bold.ttf */; };
		0B5F166828EF5F94003BD2B4 /* Inter-SemiBold.ttf in Resources */ = {isa = PBXBuildFile; fileRef = 0B5F166528EF5F94003BD2B4 /* Inter-SemiBold.ttf */; };
		0B5F166B28EF611B003BD2B4 /* CustomFont.swift in Sources */ = {isa = PBXBuildFile; fileRef = 0B5F166A28EF611B003BD2B4 /* CustomFont.swift */; };
		0B63BEEC28F09FA4009107A2 /* SignInView.swift in Sources */ = {isa = PBXBuildFile; fileRef = 0B63BEEB28F09FA4009107A2 /* SignInView.swift */; };
		0B82548A28F1F7020092D9DF /* TabBar.swift in Sources */ = {isa = PBXBuildFile; fileRef = 0B82548928F1F7020092D9DF /* TabBar.swift */; };
		0BCBC70B28F0A196008A3BFF /* RiveRuntime in Frameworks */ = {isa = PBXBuildFile; productRef = 0BCBC70A28F0A196008A3BFF /* RiveRuntime */; };
		0BCBC70D28F0A6C7008A3BFF /* CustomTextField.swift in Sources */ = {isa = PBXBuildFile; fileRef = 0BCBC70C28F0A6C7008A3BFF /* CustomTextField.swift */; };
		0BCBC70F28F0ABD4008A3BFF /* Extensions.swift in Sources */ = {isa = PBXBuildFile; fileRef = 0BCBC70E28F0ABD4008A3BFF /* Extensions.swift */; };
		0BF21F5528EE11F10033B176 /* CourseApp.swift in Sources */ = {isa = PBXBuildFile; fileRef = 0BF21F5428EE11F10033B176 /* CourseApp.swift */; };
		0BF21F5728EE11F10033B176 /* ContentView.swift in Sources */ = {isa = PBXBuildFile; fileRef = 0BF21F5628EE11F10033B176 /* ContentView.swift */; };
		0BF21F5928EE11F40033B176 /* Assets.xcassets in Resources */ = {isa = PBXBuildFile; fileRef = 0BF21F5828EE11F40033B176 /* Assets.xcassets */; };
		0BF21F5C28EE11F40033B176 /* Preview Assets.xcassets in Resources */ = {isa = PBXBuildFile; fileRef = 0BF21F5B28EE11F40033B176 /* Preview Assets.xcassets */; };
		0BF21F6A28EE12500033B176 /* house.riv in Resources */ = {isa = PBXBuildFile; fileRef = 0BF21F6328EE12500033B176 /* house.riv */; };
		0BF21F6B28EE12500033B176 /* confetti.riv in Resources */ = {isa = PBXBuildFile; fileRef = 0BF21F6428EE12500033B176 /* confetti.riv */; };
		0BF21F6C28EE12500033B176 /* check.riv in Resources */ = {isa = PBXBuildFile; fileRef = 0BF21F6528EE12500033B176 /* check.riv */; };
		0BF21F6D28EE12500033B176 /* menu_button.riv in Resources */ = {isa = PBXBuildFile; fileRef = 0BF21F6628EE12500033B176 /* menu_button.riv */; };
		0BF21F6E28EE12500033B176 /* shapes.riv in Resources */ = {isa = PBXBuildFile; fileRef = 0BF21F6728EE12500033B176 /* shapes.riv */; };
		0BF21F6F28EE12500033B176 /* button.riv in Resources */ = {isa = PBXBuildFile; fileRef = 0BF21F6828EE12500033B176 /* button.riv */; };
		0BF21F7028EE12500033B176 /* icons.riv in Resources */ = {isa = PBXBuildFile; fileRef = 0BF21F6928EE12500033B176 /* icons.riv */; };
		0BF21F7928EE16160033B176 /* OnBoardingView.swift in Sources */ = {isa = PBXBuildFile; fileRef = 0BF21F7828EE16160033B176 /* OnBoardingView.swift */; };
		0BF79B2C28F20FD800BEEF09 /* CourseSection.swift in Sources */ = {isa = PBXBuildFile; fileRef = 0BF79B2B28F20FD800BEEF09 /* CourseSection.swift */; };
		0BF79B2E28F20FFD00BEEF09 /* Course.swift in Sources */ = {isa = PBXBuildFile; fileRef = 0BF79B2D28F20FFD00BEEF09 /* Course.swift */; };
		0BF79B3028F2103300BEEF09 /* VCard.swift in Sources */ = {isa = PBXBuildFile; fileRef = 0BF79B2F28F2103300BEEF09 /* VCard.swift */; };
/* End PBXBuildFile section */

/* Begin PBXFileReference section */
		0B5F166328EF5F94003BD2B4 /* Inter-Regular.ttf */ = {isa = PBXFileReference; lastKnownFileType = file; path = "Inter-Regular.ttf"; sourceTree = "<group>"; };
		0B5F166428EF5F94003BD2B4 /* Poppins-Bold.ttf */ = {isa = PBXFileReference; lastKnownFileType = file; path = "Poppins-Bold.ttf"; sourceTree = "<group>"; };
		0B5F166528EF5F94003BD2B4 /* Inter-SemiBold.ttf */ = {isa = PBXFileReference; lastKnownFileType = file; path = "Inter-SemiBold.ttf"; sourceTree = "<group>"; };
		0B5F166928EF5FBD003BD2B4 /* Info.plist */ = {isa = PBXFileReference; lastKnownFileType = text.plist; path = Info.plist; sourceTree = "<group>"; };
		0B5F166A28EF611B003BD2B4 /* CustomFont.swift */ = {isa = PBXFileReference; lastKnownFileType = sourcecode.swift; path = CustomFont.swift; sourceTree = "<group>"; };
		0B63BEEB28F09FA4009107A2 /* SignInView.swift */ = {isa = PBXFileReference; lastKnownFileType = sourcecode.swift; path = SignInView.swift; sourceTree = "<group>"; };
		0B82548928F1F7020092D9DF /* TabBar.swift */ = {isa = PBXFileReference; lastKnownFileType = sourcecode.swift; path = TabBar.swift; sourceTree = "<group>"; };
		0BCBC70C28F0A6C7008A3BFF /* CustomTextField.swift */ = {isa = PBXFileReference; lastKnownFileType = sourcecode.swift; path = CustomTextField.swift; sourceTree = "<group>"; };
		0BCBC70E28F0ABD4008A3BFF /* Extensions.swift */ = {isa = PBXFileReference; lastKnownFileType = sourcecode.swift; path = Extensions.swift; sourceTree = "<group>"; };
		0BF21F5128EE11F10033B176 /* Course.app */ = {isa = PBXFileReference; explicitFileType = wrapper.application; includeInIndex = 0; path = Course.app; sourceTree = BUILT_PRODUCTS_DIR; };
		0BF21F5428EE11F10033B176 /* CourseApp.swift */ = {isa = PBXFileReference; lastKnownFileType = sourcecode.swift; path = CourseApp.swift; sourceTree = "<group>"; };
		0BF21F5628EE11F10033B176 /* ContentView.swift */ = {isa = PBXFileReference; lastKnownFileType = sourcecode.swift; path = ContentView.swift; sourceTree = "<group>"; };
		0BF21F5828EE11F40033B176 /* Assets.xcassets */ = {isa = PBXFileReference; lastKnownFileType = folder.assetcatalog; path = Assets.xcassets; sourceTree = "<group>"; };
		0BF21F5B28EE11F40033B176 /* Preview Assets.xcassets */ = {isa = PBXFileReference; lastKnownFileType = folder.assetcatalog; path = "Preview Assets.xcassets"; sourceTree = "<group>"; };
		0BF21F6328EE12500033B176 /* house.riv */ = {isa = PBXFileReference; lastKnownFileType = file; path = house.riv; sourceTree = "<group>"; };
		0BF21F6428EE12500033B176 /* confetti.riv */ = {isa = PBXFileReference; lastKnownFileType = file; path = confetti.riv; sourceTree = "<group>"; };
		0BF21F6528EE12500033B176 /* check.riv */ = {isa = PBXFileReference; lastKnownFileType = file; path = check.riv; sourceTree = "<group>"; };
		0BF21F6628EE12500033B176 /* menu_button.riv */ = {isa = PBXFileReference; lastKnownFileType = file; path = menu_button.riv; sourceTree = "<group>"; };
		0BF21F6728EE12500033B176 /* shapes.riv */ = {isa = PBXFileReference; lastKnownFileType = file; path = shapes.riv; sourceTree = "<group>"; };
		0BF21F6828EE12500033B176 /* button.riv */ = {isa = PBXFileReference; lastKnownFileType = file; path = button.riv; sourceTree = "<group>"; };
		0BF21F6928EE12500033B176 /* icons.riv */ = {isa = PBXFileReference; lastKnownFileType = file; path = icons.riv; sourceTree = "<group>"; };
		0BF21F7828EE16160033B176 /* OnBoardingView.swift */ = {isa = PBXFileReference; lastKnownFileType = sourcecode.swift; path = OnBoardingView.swift; sourceTree = "<group>"; };
		0BF79B2B28F20FD800BEEF09 /* CourseSection.swift */ = {isa = PBXFileReference; lastKnownFileType = sourcecode.swift; path = CourseSection.swift; sourceTree = "<group>"; };
		0BF79B2D28F20FFD00BEEF09 /* Course.swift */ = {isa = PBXFileReference; lastKnownFileType = sourcecode.swift; path = Course.swift; sourceTree = "<group>"; };
		0BF79B2F28F2103300BEEF09 /* VCard.swift */ = {isa = PBXFileReference; lastKnownFileType = sourcecode.swift; path = VCard.swift; sourceTree = "<group>"; };
/* End PBXFileReference section */

/* Begin PBXFrameworksBuildPhase section */
		0BF21F4E28EE11F10033B176 /* Frameworks */ = {
			isa = PBXFrameworksBuildPhase;
			buildActionMask = 2147483647;
			files = (
				0BCBC70B28F0A196008A3BFF /* RiveRuntime in Frameworks */,
			);
			runOnlyForDeploymentPostprocessing = 0;
		};
/* End PBXFrameworksBuildPhase section */

/* Begin PBXGroup section */
		0B5F166228EF5F94003BD2B4 /* Fonts */ = {
			isa = PBXGroup;
			children = (
				0B5F166328EF5F94003BD2B4 /* Inter-Regular.ttf */,
				0B5F166428EF5F94003BD2B4 /* Poppins-Bold.ttf */,
				0B5F166528EF5F94003BD2B4 /* Inter-SemiBold.ttf */,
			);
			path = Fonts;
			sourceTree = "<group>";
		};
		0B82548728F1F61A0092D9DF /* Views */ = {
			isa = PBXGroup;
			children = (
				0BF21F7828EE16160033B176 /* OnBoardingView.swift */,
				0B63BEEB28F09FA4009107A2 /* SignInView.swift */,
				0B82548928F1F7020092D9DF /* TabBar.swift */,
				0BF79B2F28F2103300BEEF09 /* VCard.swift */,
			);
			path = Views;
			sourceTree = "<group>";
		};
		0B82548828F1F6380092D9DF /* Styles */ = {
			isa = PBXGroup;
			children = (
				0B5F166A28EF611B003BD2B4 /* CustomFont.swift */,
				0BCBC70C28F0A6C7008A3BFF /* CustomTextField.swift */,
				0BCBC70E28F0ABD4008A3BFF /* Extensions.swift */,
			);
			path = Styles;
			sourceTree = "<group>";
		};
		0BF21F4828EE11F10033B176 = {
			isa = PBXGroup;
			children = (
				0BF21F5328EE11F10033B176 /* Course */,
				0BF21F5228EE11F10033B176 /* Products */,
			);
			sourceTree = "<group>";
		};
		0BF21F5228EE11F10033B176 /* Products */ = {
			isa = PBXGroup;
			children = (
				0BF21F5128EE11F10033B176 /* Course.app */,
			);
			name = Products;
			sourceTree = "<group>";
		};
		0BF21F5328EE11F10033B176 /* Course */ = {
			isa = PBXGroup;
			children = (
				0BF79B2A28F20FC900BEEF09 /* Model */,
				0B5F166928EF5FBD003BD2B4 /* Info.plist */,
				0BF21F5428EE11F10033B176 /* CourseApp.swift */,
				0BF21F5628EE11F10033B176 /* ContentView.swift */,
				0BF21F5828EE11F40033B176 /* Assets.xcassets */,
				0B5F166228EF5F94003BD2B4 /* Fonts */,
				0BF21F6228EE12500033B176 /* RiveAssets */,
				0BF21F5A28EE11F40033B176 /* Preview Content */,
				0B82548728F1F61A0092D9DF /* Views */,
				0B82548828F1F6380092D9DF /* Styles */,
			);
			path = Course;
			sourceTree = "<group>";
		};
		0BF21F5A28EE11F40033B176 /* Preview Content */ = {
			isa = PBXGroup;
			children = (
				0BF21F5B28EE11F40033B176 /* Preview Assets.xcassets */,
			);
			path = "Preview Content";
			sourceTree = "<group>";
		};
		0BF21F6228EE12500033B176 /* RiveAssets */ = {
			isa = PBXGroup;
			children = (
				0BF21F6328EE12500033B176 /* house.riv */,
				0BF21F6428EE12500033B176 /* confetti.riv */,
				0BF21F6528EE12500033B176 /* check.riv */,
				0BF21F6628EE12500033B176 /* menu_button.riv */,
				0BF21F6728EE12500033B176 /* shapes.riv */,
				0BF21F6828EE12500033B176 /* button.riv */,
				0BF21F6928EE12500033B176 /* icons.riv */,
			);
			path = RiveAssets;
			sourceTree = "<group>";
		};
		0BF79B2A28F20FC900BEEF09 /* Model */ = {
			isa = PBXGroup;
			children = (
				0BF79B2B28F20FD800BEEF09 /* CourseSection.swift */,
				0BF79B2D28F20FFD00BEEF09 /* Course.swift */,
			);
			path = Model;
			sourceTree = "<group>";
		};
/* End PBXGroup section */

/* Begin PBXNativeTarget section */
		0BF21F5028EE11F10033B176 /* Course */ = {
			isa = PBXNativeTarget;
			buildConfigurationList = 0BF21F5F28EE11F40033B176 /* Build configuration list for PBXNativeTarget "Course" */;
			buildPhases = (
				0BF21F4D28EE11F10033B176 /* Sources */,
				0BF21F4E28EE11F10033B176 /* Frameworks */,
				0BF21F4F28EE11F10033B176 /* Resources */,
			);
			buildRules = (
			);
			dependencies = (
			);
			name = Course;
			packageProductDependencies = (
				0BCBC70A28F0A196008A3BFF /* RiveRuntime */,
			);
			productName = Course;
			productReference = 0BF21F5128EE11F10033B176 /* Course.app */;
			productType = "com.apple.product-type.application";
		};
/* End PBXNativeTarget section */

/* Begin PBXProject section */
		0BF21F4928EE11F10033B176 /* Project object */ = {
			isa = PBXProject;
			attributes = {
				BuildIndependentTargetsInParallel = 1;
				LastSwiftUpdateCheck = 1330;
				LastUpgradeCheck = 1330;
				TargetAttributes = {
					0BF21F5028EE11F10033B176 = {
						CreatedOnToolsVersion = 13.3.1;
					};
				};
			};
			buildConfigurationList = 0BF21F4C28EE11F10033B176 /* Build configuration list for PBXProject "Course" */;
			compatibilityVersion = "Xcode 13.0";
			developmentRegion = en;
			hasScannedForEncodings = 0;
			knownRegions = (
				en,
				Base,
			);
			mainGroup = 0BF21F4828EE11F10033B176;
			packageReferences = (
				0BCBC70928F0A196008A3BFF /* XCRemoteSwiftPackageReference "rive-ios" */,
			);
			productRefGroup = 0BF21F5228EE11F10033B176 /* Products */;
			projectDirPath = "";
			projectRoot = "";
			targets = (
				0BF21F5028EE11F10033B176 /* Course */,
			);
		};
/* End PBXProject section */

/* Begin PBXResourcesBuildPhase section */
		0BF21F4F28EE11F10033B176 /* Resources */ = {
			isa = PBXResourcesBuildPhase;
			buildActionMask = 2147483647;
			files = (
				0B5F166828EF5F94003BD2B4 /* Inter-SemiBold.ttf in Resources */,
				0BF21F6E28EE12500033B176 /* shapes.riv in Resources */,
				0BF21F6C28EE12500033B176 /* check.riv in Resources */,
				0BF21F5C28EE11F40033B176 /* Preview Assets.xcassets in Resources */,
				0BF21F6D28EE12500033B176 /* menu_button.riv in Resources */,
				0BF21F6A28EE12500033B176 /* house.riv in Resources */,
				0BF21F6F28EE12500033B176 /* button.riv in Resources */,
				0B5F166628EF5F94003BD2B4 /* Inter-Regular.ttf in Resources */,
				0B5F166728EF5F94003BD2B4 /* Poppins-Bold.ttf in Resources */,
				0BF21F5928EE11F40033B176 /* Assets.xcassets in Resources */,
				0BF21F6B28EE12500033B176 /* confetti.riv in Resources */,
				0BF21F7028EE12500033B176 /* icons.riv in Resources */,
			);
			runOnlyForDeploymentPostprocessing = 0;
		};
/* End PBXResourcesBuildPhase section */

/* Begin PBXSourcesBuildPhase section */
		0BF21F4D28EE11F10033B176 /* Sources */ = {
			isa = PBXSourcesBuildPhase;
			buildActionMask = 2147483647;
			files = (
				0BF21F7928EE16160033B176 /* OnBoardingView.swift in Sources */,
				0B5F166B28EF611B003BD2B4 /* CustomFont.swift in Sources */,
				0BF79B2E28F20FFD00BEEF09 /* Course.swift in Sources */,
				0BCBC70D28F0A6C7008A3BFF /* CustomTextField.swift in Sources */,
				0B82548A28F1F7020092D9DF /* TabBar.swift in Sources */,
				0BF79B3028F2103300BEEF09 /* VCard.swift in Sources */,
				0BF21F5728EE11F10033B176 /* ContentView.swift in Sources */,
				0BF21F5528EE11F10033B176 /* CourseApp.swift in Sources */,
				0B63BEEC28F09FA4009107A2 /* SignInView.swift in Sources */,
				0BF79B2C28F20FD800BEEF09 /* CourseSection.swift in Sources */,
				0BCBC70F28F0ABD4008A3BFF /* Extensions.swift in Sources */,
			);
			runOnlyForDeploymentPostprocessing = 0;
		};
/* End PBXSourcesBuildPhase section */

/* Begin XCBuildConfiguration section */
		0BF21F5D28EE11F40033B176 /* Debug */ = {
			isa = XCBuildConfiguration;
			buildSettings = {
				ALWAYS_SEARCH_USER_PATHS = NO;
				CLANG_ANALYZER_NONNULL = YES;
				CLANG_ANALYZER_NUMBER_OBJECT_CONVERSION = YES_AGGRESSIVE;
				CLANG_CXX_LANGUAGE_STANDARD = "gnu++17";
				CLANG_ENABLE_MODULES = YES;
				CLANG_ENABLE_OBJC_ARC = YES;
				CLANG_ENABLE_OBJC_WEAK = YES;
				CLANG_WARN_BLOCK_CAPTURE_AUTORELEASING = YES;
				CLANG_WARN_BOOL_CONVERSION = YES;
				CLANG_WARN_COMMA = YES;
				CLANG_WARN_CONSTANT_CONVERSION = YES;
				CLANG_WARN_DEPRECATED_OBJC_IMPLEMENTATIONS = YES;
				CLANG_WARN_DIRECT_OBJC_ISA_USAGE = YES_ERROR;
				CLANG_WARN_DOCUMENTATION_COMMENTS = YES;
				CLANG_WARN_EMPTY_BODY = YES;
				CLANG_WARN_ENUM_CONVERSION = YES;
				CLANG_WARN_INFINITE_RECURSION = YES;
				CLANG_WARN_INT_CONVERSION = YES;
				CLANG_WARN_NON_LITERAL_NULL_CONVERSION = YES;
				CLANG_WARN_OBJC_IMPLICIT_RETAIN_SELF = YES;
				CLANG_WARN_OBJC_LITERAL_CONVERSION = YES;
				CLANG_WARN_OBJC_ROOT_CLASS = YES_ERROR;
				CLANG_WARN_QUOTED_INCLUDE_IN_FRAMEWORK_HEADER = YES;
				CLANG_WARN_RANGE_LOOP_ANALYSIS = YES;
				CLANG_WARN_STRICT_PROTOTYPES = YES;
				CLANG_WARN_SUSPICIOUS_MOVE = YES;
				CLANG_WARN_UNGUARDED_AVAILABILITY = YES_AGGRESSIVE;
				CLANG_WARN_UNREACHABLE_CODE = YES;
				CLANG_WARN__DUPLICATE_METHOD_MATCH = YES;
				COPY_PHASE_STRIP = NO;
				DEBUG_INFORMATION_FORMAT = dwarf;
				ENABLE_STRICT_OBJC_MSGSEND = YES;
				ENABLE_TESTABILITY = YES;
				GCC_C_LANGUAGE_STANDARD = gnu11;
				GCC_DYNAMIC_NO_PIC = NO;
				GCC_NO_COMMON_BLOCKS = YES;
				GCC_OPTIMIZATION_LEVEL = 0;
				GCC_PREPROCESSOR_DEFINITIONS = (
					"DEBUG=1",
					"$(inherited)",
				);
				GCC_WARN_64_TO_32_BIT_CONVERSION = YES;
				GCC_WARN_ABOUT_RETURN_TYPE = YES_ERROR;
				GCC_WARN_UNDECLARED_SELECTOR = YES;
				GCC_WARN_UNINITIALIZED_AUTOS = YES_AGGRESSIVE;
				GCC_WARN_UNUSED_FUNCTION = YES;
				GCC_WARN_UNUSED_VARIABLE = YES;
				IPHONEOS_DEPLOYMENT_TARGET = 15.4;
				MTL_ENABLE_DEBUG_INFO = INCLUDE_SOURCE;
				MTL_FAST_MATH = YES;
				ONLY_ACTIVE_ARCH = YES;
				SDKROOT = iphoneos;
				SWIFT_ACTIVE_COMPILATION_CONDITIONS = DEBUG;
				SWIFT_OPTIMIZATION_LEVEL = "-Onone";
			};
			name = Debug;
		};
		0BF21F5E28EE11F40033B176 /* Release */ = {
			isa = XCBuildConfiguration;
			buildSettings = {
				ALWAYS_SEARCH_USER_PATHS = NO;
				CLANG_ANALYZER_NONNULL = YES;
				CLANG_ANALYZER_NUMBER_OBJECT_CONVERSION = YES_AGGRESSIVE;
				CLANG_CXX_LANGUAGE_STANDARD = "gnu++17";
				CLANG_ENABLE_MODULES = YES;
				CLANG_ENABLE_OBJC_ARC = YES;
				CLANG_ENABLE_OBJC_WEAK = YES;
				CLANG_WARN_BLOCK_CAPTURE_AUTORELEASING = YES;
				CLANG_WARN_BOOL_CONVERSION = YES;
				CLANG_WARN_COMMA = YES;
				CLANG_WARN_CONSTANT_CONVERSION = YES;
				CLANG_WARN_DEPRECATED_OBJC_IMPLEMENTATIONS = YES;
				CLANG_WARN_DIRECT_OBJC_ISA_USAGE = YES_ERROR;
				CLANG_WARN_DOCUMENTATION_COMMENTS = YES;
				CLANG_WARN_EMPTY_BODY = YES;
				CLANG_WARN_ENUM_CONVERSION = YES;
				CLANG_WARN_INFINITE_RECURSION = YES;
				CLANG_WARN_INT_CONVERSION = YES;
				CLANG_WARN_NON_LITERAL_NULL_CONVERSION = YES;
				CLANG_WARN_OBJC_IMPLICIT_RETAIN_SELF = YES;
				CLANG_WARN_OBJC_LITERAL_CONVERSION = YES;
				CLANG_WARN_OBJC_ROOT_CLASS = YES_ERROR;
				CLANG_WARN_QUOTED_INCLUDE_IN_FRAMEWORK_HEADER = YES;
				CLANG_WARN_RANGE_LOOP_ANALYSIS = YES;
				CLANG_WARN_STRICT_PROTOTYPES = YES;
				CLANG_WARN_SUSPICIOUS_MOVE = YES;
				CLANG_WARN_UNGUARDED_AVAILABILITY = YES_AGGRESSIVE;
				CLANG_WARN_UNREACHABLE_CODE = YES;
				CLANG_WARN__DUPLICATE_METHOD_MATCH = YES;
				COPY_PHASE_STRIP = NO;
				DEBUG_INFORMATION_FORMAT = "dwarf-with-dsym";
				ENABLE_NS_ASSERTIONS = NO;
				ENABLE_STRICT_OBJC_MSGSEND = YES;
				GCC_C_LANGUAGE_STANDARD = gnu11;
				GCC_NO_COMMON_BLOCKS = YES;
				GCC_WARN_64_TO_32_BIT_CONVERSION = YES;
				GCC_WARN_ABOUT_RETURN_TYPE = YES_ERROR;
				GCC_WARN_UNDECLARED_SELECTOR = YES;
				GCC_WARN_UNINITIALIZED_AUTOS = YES_AGGRESSIVE;
				GCC_WARN_UNUSED_FUNCTION = YES;
				GCC_WARN_UNUSED_VARIABLE = YES;
				IPHONEOS_DEPLOYMENT_TARGET = 15.4;
				MTL_ENABLE_DEBUG_INFO = NO;
				MTL_FAST_MATH = YES;
				SDKROOT = iphoneos;
				SWIFT_COMPILATION_MODE = wholemodule;
				SWIFT_OPTIMIZATION_LEVEL = "-O";
				VALIDATE_PRODUCT = YES;
			};
			name = Release;
		};
		0BF21F6028EE11F40033B176 /* Debug */ = {
			isa = XCBuildConfiguration;
			buildSettings = {
				ASSETCATALOG_COMPILER_APPICON_NAME = AppIcon;
				ASSETCATALOG_COMPILER_GLOBAL_ACCENT_COLOR_NAME = AccentColor;
				CODE_SIGN_STYLE = Automatic;
				CURRENT_PROJECT_VERSION = 1;
				DEVELOPMENT_ASSET_PATHS = "\"Course/Preview Content\"";
				ENABLE_PREVIEWS = YES;
				GENERATE_INFOPLIST_FILE = YES;
				INFOPLIST_FILE = Course/Info.plist;
				INFOPLIST_KEY_UIApplicationSceneManifest_Generation = YES;
				INFOPLIST_KEY_UIApplicationSupportsIndirectInputEvents = YES;
				INFOPLIST_KEY_UILaunchScreen_Generation = YES;
				INFOPLIST_KEY_UISupportedInterfaceOrientations_iPad = "UIInterfaceOrientationPortrait UIInterfaceOrientationPortraitUpsideDown UIInterfaceOrientationLandscapeLeft UIInterfaceOrientationLandscapeRight";
				INFOPLIST_KEY_UISupportedInterfaceOrientations_iPhone = "UIInterfaceOrientationPortrait UIInterfaceOrientationLandscapeLeft UIInterfaceOrientationLandscapeRight";
				LD_RUNPATH_SEARCH_PATHS = (
					"$(inherited)",
					"@executable_path/Frameworks",
				);
				MARKETING_VERSION = 1.0;
				PRODUCT_BUNDLE_IDENTIFIER = dalveersingh.Course;
				PRODUCT_NAME = "$(TARGET_NAME)";
				SWIFT_EMIT_LOC_STRINGS = YES;
				SWIFT_VERSION = 5.0;
				TARGETED_DEVICE_FAMILY = "1,2";
			};
			name = Debug;
		};
		0BF21F6128EE11F40033B176 /* Release */ = {
			isa = XCBuildConfiguration;
			buildSettings = {
				ASSETCATALOG_COMPILER_APPICON_NAME = AppIcon;
				ASSETCATALOG_COMPILER_GLOBAL_ACCENT_COLOR_NAME = AccentColor;
				CODE_SIGN_STYLE = Automatic;
				CURRENT_PROJECT_VERSION = 1;
				DEVELOPMENT_ASSET_PATHS = "\"Course/Preview Content\"";
				ENABLE_PREVIEWS = YES;
				GENERATE_INFOPLIST_FILE = YES;
				INFOPLIST_FILE = Course/Info.plist;
				INFOPLIST_KEY_UIApplicationSceneManifest_Generation = YES;
				INFOPLIST_KEY_UIApplicationSupportsIndirectInputEvents = YES;
				INFOPLIST_KEY_UILaunchScreen_Generation = YES;
				INFOPLIST_KEY_UISupportedInterfaceOrientations_iPad = "UIInterfaceOrientationPortrait UIInterfaceOrientationPortraitUpsideDown UIInterfaceOrientationLandscapeLeft UIInterfaceOrientationLandscapeRight";
				INFOPLIST_KEY_UISupportedInterfaceOrientations_iPhone = "UIInterfaceOrientationPortrait UIInterfaceOrientationLandscapeLeft UIInterfaceOrientationLandscapeRight";
				LD_RUNPATH_SEARCH_PATHS = (
					"$(inherited)",
					"@executable_path/Frameworks",
				);
				MARKETING_VERSION = 1.0;
				PRODUCT_BUNDLE_IDENTIFIER = dalveersingh.Course;
				PRODUCT_NAME = "$(TARGET_NAME)";
				SWIFT_EMIT_LOC_STRINGS = YES;
				SWIFT_VERSION = 5.0;
				TARGETED_DEVICE_FAMILY = "1,2";
			};
			name = Release;
		};
/* End XCBuildConfiguration section */

/* Begin XCConfigurationList section */
		0BF21F4C28EE11F10033B176 /* Build configuration list for PBXProject "Course" */ = {
			isa = XCConfigurationList;
			buildConfigurations = (
				0BF21F5D28EE11F40033B176 /* Debug */,
				0BF21F5E28EE11F40033B176 /* Release */,
			);
			defaultConfigurationIsVisible = 0;
			defaultConfigurationName = Release;
		};
		0BF21F5F28EE11F40033B176 /* Build configuration list for PBXNativeTarget "Course" */ = {
			isa = XCConfigurationList;
			buildConfigurations = (
				0BF21F6028EE11F40033B176 /* Debug */,
				0BF21F6128EE11F40033B176 /* Release */,
			);
			defaultConfigurationIsVisible = 0;
			defaultConfigurationName = Release;
		};
/* End XCConfigurationList section */

/* Begin XCRemoteSwiftPackageReference section */
		0BCBC70928F0A196008A3BFF /* XCRemoteSwiftPackageReference "rive-ios" */ = {
			isa = XCRemoteSwiftPackageReference;
			repositoryURL = "https://github.com/rive-app/rive-ios";
			requirement = {
				kind = exactVersion;
				version = 2.0.25;
			};
		};
/* End XCRemoteSwiftPackageReference section */

/* Begin XCSwiftPackageProductDependency section */
		0BCBC70A28F0A196008A3BFF /* RiveRuntime */ = {
			isa = XCSwiftPackageProductDependency;
			package = 0BCBC70928F0A196008A3BFF /* XCRemoteSwiftPackageReference "rive-ios" */;
			productName = RiveRuntime;
		};
/* End XCSwiftPackageProductDependency section */
	};
	rootObject = 0BF21F4928EE11F10033B176 /* Project object */;
}
